// !$*UTF8*$!
{
	archiveVersion = 1;
	classes = {
	};
	objectVersion = 55;
	objects = {

/* Begin PBXBuildFile section */
		23071DB427ECB47600949BA1 /* ArtworkExplainCVC.swift in Sources */ = {isa = PBXBuildFile; fileRef = 23071DB227ECB47600949BA1 /* ArtworkExplainCVC.swift */; };
		23071DB527ECB47600949BA1 /* ArtworkExplainCVC.xib in Resources */ = {isa = PBXBuildFile; fileRef = 23071DB327ECB47600949BA1 /* ArtworkExplainCVC.xib */; };
		23071DB727ECF5A100949BA1 /* CategoryType.swift in Sources */ = {isa = PBXBuildFile; fileRef = 23071DB627ECF5A100949BA1 /* CategoryType.swift */; };
		23071DBA27ECFBAB00949BA1 /* ExhibitionExplainView.swift in Sources */ = {isa = PBXBuildFile; fileRef = 23071DB827ECFBAB00949BA1 /* ExhibitionExplainView.swift */; };
		23071DBB27ECFBAB00949BA1 /* ExhibitionExplainView.xib in Resources */ = {isa = PBXBuildFile; fileRef = 23071DB927ECFBAB00949BA1 /* ExhibitionExplainView.xib */; };
		230883812804162200620BC1 /* ProfileEdit.storyboard in Resources */ = {isa = PBXBuildFile; fileRef = 230883802804162200620BC1 /* ProfileEdit.storyboard */; };
		230883832804163100620BC1 /* ProfileEditVC.swift in Sources */ = {isa = PBXBuildFile; fileRef = 230883822804163100620BC1 /* ProfileEditVC.swift */; };
		23144217280C4040007DB53C /* SearchResult.storyboard in Resources */ = {isa = PBXBuildFile; fileRef = 23144216280C4040007DB53C /* SearchResult.storyboard */; };
		23144219280C4053007DB53C /* SearchResultVC.swift in Sources */ = {isa = PBXBuildFile; fileRef = 23144218280C4053007DB53C /* SearchResultVC.swift */; };
		231EF8512763DCF4008218CC /* PlaneVC.swift in Sources */ = {isa = PBXBuildFile; fileRef = 231EF8502763DCF4008218CC /* PlaneVC.swift */; };
		235583FF2767A6D80046C3EE /* FocusSquare.swift in Sources */ = {isa = PBXBuildFile; fileRef = 235583FE2767A6D80046C3EE /* FocusSquare.swift */; };
		235584012767A7100046C3EE /* FocusSquareSegment.swift in Sources */ = {isa = PBXBuildFile; fileRef = 235584002767A7100046C3EE /* FocusSquareSegment.swift */; };
		235584042767A75F0046C3EE /* Utilities.swift in Sources */ = {isa = PBXBuildFile; fileRef = 235584032767A75F0046C3EE /* Utilities.swift */; };
		235650D527F9FB6F0082E048 /* AlbumListTVC.swift in Sources */ = {isa = PBXBuildFile; fileRef = 235650D327F9FB6F0082E048 /* AlbumListTVC.swift */; };
		235650D927F9FC870082E048 /* AlbumTVC.swift in Sources */ = {isa = PBXBuildFile; fileRef = 235650D727F9FC870082E048 /* AlbumTVC.swift */; };
		235650DA27F9FC870082E048 /* AlbumTVC.xib in Resources */ = {isa = PBXBuildFile; fileRef = 235650D827F9FC870082E048 /* AlbumTVC.xib */; };
		235650DE27FA031F0082E048 /* AlbumListTVC.storyboard in Resources */ = {isa = PBXBuildFile; fileRef = 235650DD27FA031F0082E048 /* AlbumListTVC.storyboard */; };
		237B4369275CDDD600B7FA3F /* ExhibitionListTVC.swift in Sources */ = {isa = PBXBuildFile; fileRef = 237B4368275CDDD600B7FA3F /* ExhibitionListTVC.swift */; };
		237B436B275CE83600B7FA3F /* AllTVC.swift in Sources */ = {isa = PBXBuildFile; fileRef = 237B436A275CE83600B7FA3F /* AllTVC.swift */; };
		237B436E275CEE1E00B7FA3F /* ExhibitionListCVC.swift in Sources */ = {isa = PBXBuildFile; fileRef = 237B436D275CEE1E00B7FA3F /* ExhibitionListCVC.swift */; };
		237B4370275CFA3E00B7FA3F /* AllCVC.swift in Sources */ = {isa = PBXBuildFile; fileRef = 237B436F275CFA3E00B7FA3F /* AllCVC.swift */; };
		2383787B280AFB9B002088E6 /* SearchVC.swift in Sources */ = {isa = PBXBuildFile; fileRef = 2383787A280AFB9B002088E6 /* SearchVC.swift */; };
		2383787D280AFBBC002088E6 /* Search.storyboard in Resources */ = {isa = PBXBuildFile; fileRef = 2383787C280AFBBC002088E6 /* Search.storyboard */; };
		2383787F280B06A2002088E6 /* LatestSearchedCVC.swift in Sources */ = {isa = PBXBuildFile; fileRef = 2383787E280B06A2002088E6 /* LatestSearchedCVC.swift */; };
		23837881280B0C28002088E6 /* RecommendCVC.swift in Sources */ = {isa = PBXBuildFile; fileRef = 23837880280B0C28002088E6 /* RecommendCVC.swift */; };
		238C65762756606100EADA93 /* HomeNC.swift in Sources */ = {isa = PBXBuildFile; fileRef = 238C65752756606100EADA93 /* HomeNC.swift */; };
		2395FBA227563A9700D3DB77 /* Detail.storyboard in Resources */ = {isa = PBXBuildFile; fileRef = 2395FBA127563A9700D3DB77 /* Detail.storyboard */; };
		2395FBA427563AA500D3DB77 /* DetailVC.swift in Sources */ = {isa = PBXBuildFile; fileRef = 2395FBA327563AA500D3DB77 /* DetailVC.swift */; };
		239C5D4C27F224A300D8A3D2 /* ArtworkSelectView.swift in Sources */ = {isa = PBXBuildFile; fileRef = 239C5D4A27F224A300D8A3D2 /* ArtworkSelectView.swift */; };
		239C5D4D27F224A300D8A3D2 /* ArtworkSelectView.xib in Resources */ = {isa = PBXBuildFile; fileRef = 239C5D4B27F224A300D8A3D2 /* ArtworkSelectView.xib */; };
		239C5D4F27F2327900D8A3D2 /* PHFetchOptions+.swift in Sources */ = {isa = PBXBuildFile; fileRef = 239C5D4E27F2327900D8A3D2 /* PHFetchOptions+.swift */; };
		23A852C72806B1A600406A3C /* AppleSDGothicNeoL.ttf in Resources */ = {isa = PBXBuildFile; fileRef = 23A852C62806B1A600406A3C /* AppleSDGothicNeoL.ttf */; };
		23B2E5D42758F7F300FA8CC2 /* ExhibitionList.storyboard in Resources */ = {isa = PBXBuildFile; fileRef = 23B2E5D32758F7F300FA8CC2 /* ExhibitionList.storyboard */; };
		23B2E5D62758F9D700FA8CC2 /* ExhibitionListVC.swift in Sources */ = {isa = PBXBuildFile; fileRef = 23B2E5D52758F9D700FA8CC2 /* ExhibitionListVC.swift */; };
		23B2E5D827591A9100FA8CC2 /* ExhibitionData.swift in Sources */ = {isa = PBXBuildFile; fileRef = 23B2E5D727591A9100FA8CC2 /* ExhibitionData.swift */; };
		23B52A7927E0A54D00D6C339 /* AddExhibition.storyboard in Resources */ = {isa = PBXBuildFile; fileRef = 23B52A7827E0A54D00D6C339 /* AddExhibition.storyboard */; };
		23B52A7B27E0A56900D6C339 /* AddExhibitionVC.swift in Sources */ = {isa = PBXBuildFile; fileRef = 23B52A7A27E0A56900D6C339 /* AddExhibitionVC.swift */; };
		23B52A7D27E0A5A500D6C339 /* AddExhibitionNC.swift in Sources */ = {isa = PBXBuildFile; fileRef = 23B52A7C27E0A5A500D6C339 /* AddExhibitionNC.swift */; };
		23B52A7F27E0A73800D6C339 /* UIViewController+.swift in Sources */ = {isa = PBXBuildFile; fileRef = 23B52A7E27E0A73800D6C339 /* UIViewController+.swift */; };
		23B52A8127E0A7B900D6C339 /* UINavigationController+.swift in Sources */ = {isa = PBXBuildFile; fileRef = 23B52A8027E0A7B900D6C339 /* UINavigationController+.swift */; };
		23B52A8727E0E89200D6C339 /* AddProcess.swift in Sources */ = {isa = PBXBuildFile; fileRef = 23B52A8627E0E89200D6C339 /* AddProcess.swift */; };
		23B52A8B27E0FED600D6C339 /* ThemeView.swift in Sources */ = {isa = PBXBuildFile; fileRef = 23B52A8927E0FED600D6C339 /* ThemeView.swift */; };
		23B52A8C27E0FED600D6C339 /* ThemeView.xib in Resources */ = {isa = PBXBuildFile; fileRef = 23B52A8A27E0FED600D6C339 /* ThemeView.xib */; };
		23B52A8F27E1013E00D6C339 /* RoundCVC.swift in Sources */ = {isa = PBXBuildFile; fileRef = 23B52A8D27E1013E00D6C339 /* RoundCVC.swift */; };
		23B52A9027E1013E00D6C339 /* RoundCVC.xib in Resources */ = {isa = PBXBuildFile; fileRef = 23B52A8E27E1013E00D6C339 /* RoundCVC.xib */; };
		23B52A9327E1131C00D6C339 /* ThemeCVC.swift in Sources */ = {isa = PBXBuildFile; fileRef = 23B52A9127E1131C00D6C339 /* ThemeCVC.swift */; };
		23B52A9427E1131C00D6C339 /* ThemeCVC.xib in Resources */ = {isa = PBXBuildFile; fileRef = 23B52A9227E1131C00D6C339 /* ThemeCVC.xib */; };
		23BB927027F0EB9100D91354 /* TagType.swift in Sources */ = {isa = PBXBuildFile; fileRef = 23BB926F27F0EB9100D91354 /* TagType.swift */; };
		23C9AD6228019FDA00DFF5A2 /* MypageNC.swift in Sources */ = {isa = PBXBuildFile; fileRef = 23C9AD6128019FDA00DFF5A2 /* MypageNC.swift */; };
		23C9AD662801C8BB00DFF5A2 /* ExhibitionCVC.swift in Sources */ = {isa = PBXBuildFile; fileRef = 23C9AD642801C8BB00DFF5A2 /* ExhibitionCVC.swift */; };
		23C9AD672801C8BB00DFF5A2 /* ExhibitionCVC.xib in Resources */ = {isa = PBXBuildFile; fileRef = 23C9AD652801C8BB00DFF5A2 /* ExhibitionCVC.xib */; };
		23C9AD692801CB2100DFF5A2 /* MypageClassificationTVC.swift in Sources */ = {isa = PBXBuildFile; fileRef = 23C9AD682801CB2100DFF5A2 /* MypageClassificationTVC.swift */; };
		23C9AD6B2801CC8500DFF5A2 /* MyExhibitionTVC.swift in Sources */ = {isa = PBXBuildFile; fileRef = 23C9AD6A2801CC8500DFF5A2 /* MyExhibitionTVC.swift */; };
		23E1A35127EF124D009C337F /* NewExhibition.swift in Sources */ = {isa = PBXBuildFile; fileRef = 23E1A35027EF124D009C337F /* NewExhibition.swift */; };
		23E734EE27E99CC8000315E6 /* OrderView.swift in Sources */ = {isa = PBXBuildFile; fileRef = 23E734EC27E99CC8000315E6 /* OrderView.swift */; };
		23E734EF27E99CC8000315E6 /* OrderView.xib in Resources */ = {isa = PBXBuildFile; fileRef = 23E734ED27E99CC8000315E6 /* OrderView.xib */; };
		23E734F627E9A016000315E6 /* SelectedImageCVC.swift in Sources */ = {isa = PBXBuildFile; fileRef = 23E734F427E9A016000315E6 /* SelectedImageCVC.swift */; };
		23E734F727E9A016000315E6 /* SelectedImageCVC.xib in Resources */ = {isa = PBXBuildFile; fileRef = 23E734F527E9A016000315E6 /* SelectedImageCVC.xib */; };
		23E734FA27E9A1A7000315E6 /* ArtworkListView.swift in Sources */ = {isa = PBXBuildFile; fileRef = 23E734F827E9A1A7000315E6 /* ArtworkListView.swift */; };
		23E734FB27E9A1A7000315E6 /* ArtworkListView.xib in Resources */ = {isa = PBXBuildFile; fileRef = 23E734F927E9A1A7000315E6 /* ArtworkListView.xib */; };
		23E734FE27EA1528000315E6 /* PostExplainView.swift in Sources */ = {isa = PBXBuildFile; fileRef = 23E734FC27EA1528000315E6 /* PostExplainView.swift */; };
		23E734FF27EA1528000315E6 /* PostExplainView.xib in Resources */ = {isa = PBXBuildFile; fileRef = 23E734FD27EA1528000315E6 /* PostExplainView.xib */; };
		23E7350527EA24A1000315E6 /* UITextView+.swift in Sources */ = {isa = PBXBuildFile; fileRef = 23E7350427EA24A1000315E6 /* UITextView+.swift */; };
		23E7350727EA4D1B000315E6 /* UIScrollView+.swift in Sources */ = {isa = PBXBuildFile; fileRef = 23E7350627EA4D1B000315E6 /* UIScrollView+.swift */; };
		23FE54D727EB086400FF0DF9 /* GalleryType.swift in Sources */ = {isa = PBXBuildFile; fileRef = 23FE54D627EB086400FF0DF9 /* GalleryType.swift */; };
		3305F7312754DABA00E6E08E /* AppDelegate.swift in Sources */ = {isa = PBXBuildFile; fileRef = 3305F7302754DABA00E6E08E /* AppDelegate.swift */; };
		3305F7332754DABA00E6E08E /* art.scnassets in Resources */ = {isa = PBXBuildFile; fileRef = 3305F7322754DABA00E6E08E /* art.scnassets */; };
		3305F73A2754DABD00E6E08E /* Assets.xcassets in Resources */ = {isa = PBXBuildFile; fileRef = 3305F7392754DABD00E6E08E /* Assets.xcassets */; };
		3305F73D2754DABD00E6E08E /* LaunchScreen.storyboard in Resources */ = {isa = PBXBuildFile; fileRef = 3305F73B2754DABD00E6E08E /* LaunchScreen.storyboard */; };
		3305F7512754DF3E00E6E08E /* UIColor+Additions.swift in Sources */ = {isa = PBXBuildFile; fileRef = 3305F7502754DF3E00E6E08E /* UIColor+Additions.swift */; };
		3305F7532754DF4C00E6E08E /* UIFont+.swift in Sources */ = {isa = PBXBuildFile; fileRef = 3305F7522754DF4C00E6E08E /* UIFont+.swift */; };
		3305F7552754DF5B00E6E08E /* UILabel+.swift in Sources */ = {isa = PBXBuildFile; fileRef = 3305F7542754DF5B00E6E08E /* UILabel+.swift */; };
		3305F7572754DF6500E6E08E /* Notification+Name.swift in Sources */ = {isa = PBXBuildFile; fileRef = 3305F7562754DF6500E6E08E /* Notification+Name.swift */; };
		3305F7592754DFD700E6E08E /* UIView+.swift in Sources */ = {isa = PBXBuildFile; fileRef = 3305F7582754DFD700E6E08E /* UIView+.swift */; };
		3305F75F2754E02A00E6E08E /* View.swift in Sources */ = {isa = PBXBuildFile; fileRef = 3305F75E2754E02A00E6E08E /* View.swift */; };
		3305F7612754E03600E6E08E /* Identifiers.swift in Sources */ = {isa = PBXBuildFile; fileRef = 3305F7602754E03600E6E08E /* Identifiers.swift */; };
		3305F7632754E07B00E6E08E /* BaseCell.swift in Sources */ = {isa = PBXBuildFile; fileRef = 3305F7622754E07B00E6E08E /* BaseCell.swift */; };
		3305F7672754E0D900E6E08E /* GenericResponse.swift in Sources */ = {isa = PBXBuildFile; fileRef = 3305F7662754E0D900E6E08E /* GenericResponse.swift */; };
		3305F7692754E0EA00E6E08E /* APIConstants.swift in Sources */ = {isa = PBXBuildFile; fileRef = 3305F7682754E0EA00E6E08E /* APIConstants.swift */; };
		3305F76B2754E10300E6E08E /* NetworkResult.swift in Sources */ = {isa = PBXBuildFile; fileRef = 3305F76A2754E10300E6E08E /* NetworkResult.swift */; };
		3305F77D2754E20800E6E08E /* UserDefaults+.swift in Sources */ = {isa = PBXBuildFile; fileRef = 3305F77C2754E20800E6E08E /* UserDefaults+.swift */; };
		3305F77F2754E22800E6E08E /* UITextField+.swift in Sources */ = {isa = PBXBuildFile; fileRef = 3305F77E2754E22800E6E08E /* UITextField+.swift */; };
		3305F7812754E23F00E6E08E /* UIButton+.swift in Sources */ = {isa = PBXBuildFile; fileRef = 3305F7802754E23F00E6E08E /* UIButton+.swift */; };
		3305F7832754E26400E6E08E /* StoryboardRepresentation.swift in Sources */ = {isa = PBXBuildFile; fileRef = 3305F7822754E26400E6E08E /* StoryboardRepresentation.swift */; };
		3305F7852754E27300E6E08E /* TypeOfViewController.swift in Sources */ = {isa = PBXBuildFile; fileRef = 3305F7842754E27300E6E08E /* TypeOfViewController.swift */; };
		3305F7872754E28B00E6E08E /* ViewControllerFactory.swift in Sources */ = {isa = PBXBuildFile; fileRef = 3305F7862754E28B00E6E08E /* ViewControllerFactory.swift */; };
		3305F78A2754E2FE00E6E08E /* TabBar.storyboard in Resources */ = {isa = PBXBuildFile; fileRef = 3305F7892754E2FE00E6E08E /* TabBar.storyboard */; };
		3305F78C2754E31000E6E08E /* ARtiqueTBC.swift in Sources */ = {isa = PBXBuildFile; fileRef = 3305F78B2754E31000E6E08E /* ARtiqueTBC.swift */; };
		3305F78E2754E34B00E6E08E /* Home.storyboard in Resources */ = {isa = PBXBuildFile; fileRef = 3305F78D2754E34B00E6E08E /* Home.storyboard */; };
		3305F7922754E35900E6E08E /* Mypage.storyboard in Resources */ = {isa = PBXBuildFile; fileRef = 3305F7912754E35900E6E08E /* Mypage.storyboard */; };
		3305F7A02754E3BA00E6E08E /* d.swift in Sources */ = {isa = PBXBuildFile; fileRef = 3305F79F2754E3BA00E6E08E /* d.swift */; };
		3305F7A62754E44B00E6E08E /* MypageVC.swift in Sources */ = {isa = PBXBuildFile; fileRef = 3305F7A52754E44B00E6E08E /* MypageVC.swift */; };
		3305F7A82754E45800E6E08E /* HomeVC.swift in Sources */ = {isa = PBXBuildFile; fileRef = 3305F7A72754E45800E6E08E /* HomeVC.swift */; };
		3305F7AA2754E66200E6E08E /* AppleSDGothicNeoM.ttf in Resources */ = {isa = PBXBuildFile; fileRef = 3305F75C2754E00500E6E08E /* AppleSDGothicNeoM.ttf */; };
		3305F7AB2754E66500E6E08E /* AppleSDGothicNeoB.ttf in Resources */ = {isa = PBXBuildFile; fileRef = 3305F75D2754E00500E6E08E /* AppleSDGothicNeoB.ttf */; };
		3305F7AC2754E66700E6E08E /* AppleSDGothicNeoR.ttf in Resources */ = {isa = PBXBuildFile; fileRef = 3305F75A2754E00500E6E08E /* AppleSDGothicNeoR.ttf */; };
		3305F7AD2754E66900E6E08E /* AppleSDGothicNeoSB.ttf in Resources */ = {isa = PBXBuildFile; fileRef = 3305F75B2754E00500E6E08E /* AppleSDGothicNeoSB.ttf */; };
		334E737127FB66B5001BAF25 /* LoginVC.swift in Sources */ = {isa = PBXBuildFile; fileRef = 334E737027FB66B5001BAF25 /* LoginVC.swift */; };
		33AC27882763D21D00E0765A /* ARGallery.storyboard in Resources */ = {isa = PBXBuildFile; fileRef = 33AC27872763D21D00E0765A /* ARGallery.storyboard */; };
		33AC278A2763D27200E0765A /* ARGalleryVC.swift in Sources */ = {isa = PBXBuildFile; fileRef = 33AC27892763D27200E0765A /* ARGalleryVC.swift */; };
		91832D0B8CCD458B4D6477F3 /* Pods_ARtique.framework in Frameworks */ = {isa = PBXBuildFile; fileRef = FDA3E5AB13FCA77BEB6A01BC /* Pods_ARtique.framework */; };
/* End PBXBuildFile section */

/* Begin PBXFileReference section */
		23071DB227ECB47600949BA1 /* ArtworkExplainCVC.swift */ = {isa = PBXFileReference; lastKnownFileType = sourcecode.swift; path = ArtworkExplainCVC.swift; sourceTree = "<group>"; };
		23071DB327ECB47600949BA1 /* ArtworkExplainCVC.xib */ = {isa = PBXFileReference; lastKnownFileType = file.xib; path = ArtworkExplainCVC.xib; sourceTree = "<group>"; };
		23071DB627ECF5A100949BA1 /* CategoryType.swift */ = {isa = PBXFileReference; lastKnownFileType = sourcecode.swift; path = CategoryType.swift; sourceTree = "<group>"; };
		23071DB827ECFBAB00949BA1 /* ExhibitionExplainView.swift */ = {isa = PBXFileReference; lastKnownFileType = sourcecode.swift; path = ExhibitionExplainView.swift; sourceTree = "<group>"; };
		23071DB927ECFBAB00949BA1 /* ExhibitionExplainView.xib */ = {isa = PBXFileReference; lastKnownFileType = file.xib; path = ExhibitionExplainView.xib; sourceTree = "<group>"; };
		230883802804162200620BC1 /* ProfileEdit.storyboard */ = {isa = PBXFileReference; lastKnownFileType = file.storyboard; path = ProfileEdit.storyboard; sourceTree = "<group>"; };
		230883822804163100620BC1 /* ProfileEditVC.swift */ = {isa = PBXFileReference; lastKnownFileType = sourcecode.swift; path = ProfileEditVC.swift; sourceTree = "<group>"; };
		23144216280C4040007DB53C /* SearchResult.storyboard */ = {isa = PBXFileReference; lastKnownFileType = file.storyboard; path = SearchResult.storyboard; sourceTree = "<group>"; };
		23144218280C4053007DB53C /* SearchResultVC.swift */ = {isa = PBXFileReference; lastKnownFileType = sourcecode.swift; path = SearchResultVC.swift; sourceTree = "<group>"; };
		231EF8502763DCF4008218CC /* PlaneVC.swift */ = {isa = PBXFileReference; lastKnownFileType = sourcecode.swift; path = PlaneVC.swift; sourceTree = "<group>"; };
		235583FE2767A6D80046C3EE /* FocusSquare.swift */ = {isa = PBXFileReference; lastKnownFileType = sourcecode.swift; path = FocusSquare.swift; sourceTree = "<group>"; };
		235584002767A7100046C3EE /* FocusSquareSegment.swift */ = {isa = PBXFileReference; lastKnownFileType = sourcecode.swift; path = FocusSquareSegment.swift; sourceTree = "<group>"; };
		235584032767A75F0046C3EE /* Utilities.swift */ = {isa = PBXFileReference; lastKnownFileType = sourcecode.swift; path = Utilities.swift; sourceTree = "<group>"; };
		235650D327F9FB6F0082E048 /* AlbumListTVC.swift */ = {isa = PBXFileReference; lastKnownFileType = sourcecode.swift; path = AlbumListTVC.swift; sourceTree = "<group>"; };
		235650D727F9FC870082E048 /* AlbumTVC.swift */ = {isa = PBXFileReference; lastKnownFileType = sourcecode.swift; path = AlbumTVC.swift; sourceTree = "<group>"; };
		235650D827F9FC870082E048 /* AlbumTVC.xib */ = {isa = PBXFileReference; lastKnownFileType = file.xib; path = AlbumTVC.xib; sourceTree = "<group>"; };
		235650DD27FA031F0082E048 /* AlbumListTVC.storyboard */ = {isa = PBXFileReference; lastKnownFileType = file.storyboard; path = AlbumListTVC.storyboard; sourceTree = "<group>"; };
		235650E027FA195C0082E048 /* ko */ = {isa = PBXFileReference; lastKnownFileType = text.plist.strings; name = ko; path = ko.lproj/LaunchScreen.strings; sourceTree = "<group>"; };
		237B4368275CDDD600B7FA3F /* ExhibitionListTVC.swift */ = {isa = PBXFileReference; lastKnownFileType = sourcecode.swift; path = ExhibitionListTVC.swift; sourceTree = "<group>"; };
		237B436A275CE83600B7FA3F /* AllTVC.swift */ = {isa = PBXFileReference; lastKnownFileType = sourcecode.swift; path = AllTVC.swift; sourceTree = "<group>"; };
		237B436D275CEE1E00B7FA3F /* ExhibitionListCVC.swift */ = {isa = PBXFileReference; lastKnownFileType = sourcecode.swift; path = ExhibitionListCVC.swift; sourceTree = "<group>"; };
		237B436F275CFA3E00B7FA3F /* AllCVC.swift */ = {isa = PBXFileReference; lastKnownFileType = sourcecode.swift; path = AllCVC.swift; sourceTree = "<group>"; };
		2383787A280AFB9B002088E6 /* SearchVC.swift */ = {isa = PBXFileReference; lastKnownFileType = sourcecode.swift; path = SearchVC.swift; sourceTree = "<group>"; };
		2383787C280AFBBC002088E6 /* Search.storyboard */ = {isa = PBXFileReference; lastKnownFileType = file.storyboard; path = Search.storyboard; sourceTree = "<group>"; };
		2383787E280B06A2002088E6 /* LatestSearchedCVC.swift */ = {isa = PBXFileReference; lastKnownFileType = sourcecode.swift; path = LatestSearchedCVC.swift; sourceTree = "<group>"; };
		23837880280B0C28002088E6 /* RecommendCVC.swift */ = {isa = PBXFileReference; lastKnownFileType = sourcecode.swift; path = RecommendCVC.swift; sourceTree = "<group>"; };
		238C65752756606100EADA93 /* HomeNC.swift */ = {isa = PBXFileReference; lastKnownFileType = sourcecode.swift; path = HomeNC.swift; sourceTree = "<group>"; };
		2395FBA127563A9700D3DB77 /* Detail.storyboard */ = {isa = PBXFileReference; lastKnownFileType = file.storyboard; path = Detail.storyboard; sourceTree = "<group>"; };
		2395FBA327563AA500D3DB77 /* DetailVC.swift */ = {isa = PBXFileReference; lastKnownFileType = sourcecode.swift; path = DetailVC.swift; sourceTree = "<group>"; };
		239C5D4A27F224A300D8A3D2 /* ArtworkSelectView.swift */ = {isa = PBXFileReference; lastKnownFileType = sourcecode.swift; path = ArtworkSelectView.swift; sourceTree = "<group>"; };
		239C5D4B27F224A300D8A3D2 /* ArtworkSelectView.xib */ = {isa = PBXFileReference; lastKnownFileType = file.xib; path = ArtworkSelectView.xib; sourceTree = "<group>"; };
		239C5D4E27F2327900D8A3D2 /* PHFetchOptions+.swift */ = {isa = PBXFileReference; lastKnownFileType = sourcecode.swift; path = "PHFetchOptions+.swift"; sourceTree = "<group>"; };
		23A852C62806B1A600406A3C /* AppleSDGothicNeoL.ttf */ = {isa = PBXFileReference; lastKnownFileType = file; path = AppleSDGothicNeoL.ttf; sourceTree = "<group>"; };
		23B2E5D32758F7F300FA8CC2 /* ExhibitionList.storyboard */ = {isa = PBXFileReference; lastKnownFileType = file.storyboard; path = ExhibitionList.storyboard; sourceTree = "<group>"; };
		23B2E5D52758F9D700FA8CC2 /* ExhibitionListVC.swift */ = {isa = PBXFileReference; lastKnownFileType = sourcecode.swift; path = ExhibitionListVC.swift; sourceTree = "<group>"; };
		23B2E5D727591A9100FA8CC2 /* ExhibitionData.swift */ = {isa = PBXFileReference; lastKnownFileType = sourcecode.swift; path = ExhibitionData.swift; sourceTree = "<group>"; };
		23B52A7827E0A54D00D6C339 /* AddExhibition.storyboard */ = {isa = PBXFileReference; lastKnownFileType = file.storyboard; path = AddExhibition.storyboard; sourceTree = "<group>"; };
		23B52A7A27E0A56900D6C339 /* AddExhibitionVC.swift */ = {isa = PBXFileReference; lastKnownFileType = sourcecode.swift; path = AddExhibitionVC.swift; sourceTree = "<group>"; };
		23B52A7C27E0A5A500D6C339 /* AddExhibitionNC.swift */ = {isa = PBXFileReference; lastKnownFileType = sourcecode.swift; path = AddExhibitionNC.swift; sourceTree = "<group>"; };
		23B52A7E27E0A73800D6C339 /* UIViewController+.swift */ = {isa = PBXFileReference; lastKnownFileType = sourcecode.swift; path = "UIViewController+.swift"; sourceTree = "<group>"; };
		23B52A8027E0A7B900D6C339 /* UINavigationController+.swift */ = {isa = PBXFileReference; lastKnownFileType = sourcecode.swift; path = "UINavigationController+.swift"; sourceTree = "<group>"; };
		23B52A8627E0E89200D6C339 /* AddProcess.swift */ = {isa = PBXFileReference; lastKnownFileType = sourcecode.swift; path = AddProcess.swift; sourceTree = "<group>"; };
		23B52A8927E0FED600D6C339 /* ThemeView.swift */ = {isa = PBXFileReference; lastKnownFileType = sourcecode.swift; path = ThemeView.swift; sourceTree = "<group>"; };
		23B52A8A27E0FED600D6C339 /* ThemeView.xib */ = {isa = PBXFileReference; lastKnownFileType = file.xib; path = ThemeView.xib; sourceTree = "<group>"; };
		23B52A8D27E1013E00D6C339 /* RoundCVC.swift */ = {isa = PBXFileReference; lastKnownFileType = sourcecode.swift; path = RoundCVC.swift; sourceTree = "<group>"; };
		23B52A8E27E1013E00D6C339 /* RoundCVC.xib */ = {isa = PBXFileReference; lastKnownFileType = file.xib; path = RoundCVC.xib; sourceTree = "<group>"; };
		23B52A9127E1131C00D6C339 /* ThemeCVC.swift */ = {isa = PBXFileReference; lastKnownFileType = sourcecode.swift; path = ThemeCVC.swift; sourceTree = "<group>"; };
		23B52A9227E1131C00D6C339 /* ThemeCVC.xib */ = {isa = PBXFileReference; lastKnownFileType = file.xib; path = ThemeCVC.xib; sourceTree = "<group>"; };
		23BB926F27F0EB9100D91354 /* TagType.swift */ = {isa = PBXFileReference; lastKnownFileType = sourcecode.swift; path = TagType.swift; sourceTree = "<group>"; };
		23C9AD6128019FDA00DFF5A2 /* MypageNC.swift */ = {isa = PBXFileReference; lastKnownFileType = sourcecode.swift; path = MypageNC.swift; sourceTree = "<group>"; };
		23C9AD642801C8BB00DFF5A2 /* ExhibitionCVC.swift */ = {isa = PBXFileReference; lastKnownFileType = sourcecode.swift; path = ExhibitionCVC.swift; sourceTree = "<group>"; };
		23C9AD652801C8BB00DFF5A2 /* ExhibitionCVC.xib */ = {isa = PBXFileReference; lastKnownFileType = file.xib; path = ExhibitionCVC.xib; sourceTree = "<group>"; };
		23C9AD682801CB2100DFF5A2 /* MypageClassificationTVC.swift */ = {isa = PBXFileReference; lastKnownFileType = sourcecode.swift; path = MypageClassificationTVC.swift; sourceTree = "<group>"; };
		23C9AD6A2801CC8500DFF5A2 /* MyExhibitionTVC.swift */ = {isa = PBXFileReference; lastKnownFileType = sourcecode.swift; path = MyExhibitionTVC.swift; sourceTree = "<group>"; };
		23E1A35027EF124D009C337F /* NewExhibition.swift */ = {isa = PBXFileReference; lastKnownFileType = sourcecode.swift; path = NewExhibition.swift; sourceTree = "<group>"; };
		23E734EC27E99CC8000315E6 /* OrderView.swift */ = {isa = PBXFileReference; lastKnownFileType = sourcecode.swift; path = OrderView.swift; sourceTree = "<group>"; };
		23E734ED27E99CC8000315E6 /* OrderView.xib */ = {isa = PBXFileReference; lastKnownFileType = file.xib; path = OrderView.xib; sourceTree = "<group>"; };
		23E734F427E9A016000315E6 /* SelectedImageCVC.swift */ = {isa = PBXFileReference; lastKnownFileType = sourcecode.swift; path = SelectedImageCVC.swift; sourceTree = "<group>"; };
		23E734F527E9A016000315E6 /* SelectedImageCVC.xib */ = {isa = PBXFileReference; lastKnownFileType = file.xib; path = SelectedImageCVC.xib; sourceTree = "<group>"; };
		23E734F827E9A1A7000315E6 /* ArtworkListView.swift */ = {isa = PBXFileReference; lastKnownFileType = sourcecode.swift; path = ArtworkListView.swift; sourceTree = "<group>"; };
		23E734F927E9A1A7000315E6 /* ArtworkListView.xib */ = {isa = PBXFileReference; lastKnownFileType = file.xib; path = ArtworkListView.xib; sourceTree = "<group>"; };
		23E734FC27EA1528000315E6 /* PostExplainView.swift */ = {isa = PBXFileReference; lastKnownFileType = sourcecode.swift; path = PostExplainView.swift; sourceTree = "<group>"; };
		23E734FD27EA1528000315E6 /* PostExplainView.xib */ = {isa = PBXFileReference; lastKnownFileType = file.xib; path = PostExplainView.xib; sourceTree = "<group>"; };
		23E7350427EA24A1000315E6 /* UITextView+.swift */ = {isa = PBXFileReference; lastKnownFileType = sourcecode.swift; path = "UITextView+.swift"; sourceTree = "<group>"; };
		23E7350627EA4D1B000315E6 /* UIScrollView+.swift */ = {isa = PBXFileReference; lastKnownFileType = sourcecode.swift; path = "UIScrollView+.swift"; sourceTree = "<group>"; };
		23FE54D627EB086400FF0DF9 /* GalleryType.swift */ = {isa = PBXFileReference; lastKnownFileType = sourcecode.swift; path = GalleryType.swift; sourceTree = "<group>"; };
		3305F72D2754DABA00E6E08E /* ARtique.app */ = {isa = PBXFileReference; explicitFileType = wrapper.application; includeInIndex = 0; path = ARtique.app; sourceTree = BUILT_PRODUCTS_DIR; };
		3305F7302754DABA00E6E08E /* AppDelegate.swift */ = {isa = PBXFileReference; lastKnownFileType = sourcecode.swift; path = AppDelegate.swift; sourceTree = "<group>"; };
		3305F7322754DABA00E6E08E /* art.scnassets */ = {isa = PBXFileReference; lastKnownFileType = wrapper.scnassets; path = art.scnassets; sourceTree = "<group>"; };
		3305F7392754DABD00E6E08E /* Assets.xcassets */ = {isa = PBXFileReference; lastKnownFileType = folder.assetcatalog; path = Assets.xcassets; sourceTree = "<group>"; };
		3305F73C2754DABD00E6E08E /* Base */ = {isa = PBXFileReference; lastKnownFileType = file.storyboard; name = Base; path = Base.lproj/LaunchScreen.storyboard; sourceTree = "<group>"; };
		3305F7502754DF3E00E6E08E /* UIColor+Additions.swift */ = {isa = PBXFileReference; lastKnownFileType = sourcecode.swift; path = "UIColor+Additions.swift"; sourceTree = "<group>"; };
		3305F7522754DF4C00E6E08E /* UIFont+.swift */ = {isa = PBXFileReference; lastKnownFileType = sourcecode.swift; path = "UIFont+.swift"; sourceTree = "<group>"; };
		3305F7542754DF5B00E6E08E /* UILabel+.swift */ = {isa = PBXFileReference; lastKnownFileType = sourcecode.swift; path = "UILabel+.swift"; sourceTree = "<group>"; };
		3305F7562754DF6500E6E08E /* Notification+Name.swift */ = {isa = PBXFileReference; lastKnownFileType = sourcecode.swift; path = "Notification+Name.swift"; sourceTree = "<group>"; };
		3305F7582754DFD700E6E08E /* UIView+.swift */ = {isa = PBXFileReference; lastKnownFileType = sourcecode.swift; path = "UIView+.swift"; sourceTree = "<group>"; };
		3305F75A2754E00500E6E08E /* AppleSDGothicNeoR.ttf */ = {isa = PBXFileReference; lastKnownFileType = file; path = AppleSDGothicNeoR.ttf; sourceTree = "<group>"; };
		3305F75B2754E00500E6E08E /* AppleSDGothicNeoSB.ttf */ = {isa = PBXFileReference; lastKnownFileType = file; path = AppleSDGothicNeoSB.ttf; sourceTree = "<group>"; };
		3305F75C2754E00500E6E08E /* AppleSDGothicNeoM.ttf */ = {isa = PBXFileReference; lastKnownFileType = file; path = AppleSDGothicNeoM.ttf; sourceTree = "<group>"; };
		3305F75D2754E00500E6E08E /* AppleSDGothicNeoB.ttf */ = {isa = PBXFileReference; lastKnownFileType = file; path = AppleSDGothicNeoB.ttf; sourceTree = "<group>"; };
		3305F75E2754E02A00E6E08E /* View.swift */ = {isa = PBXFileReference; lastKnownFileType = sourcecode.swift; path = View.swift; sourceTree = "<group>"; };
		3305F7602754E03600E6E08E /* Identifiers.swift */ = {isa = PBXFileReference; lastKnownFileType = sourcecode.swift; path = Identifiers.swift; sourceTree = "<group>"; };
		3305F7622754E07B00E6E08E /* BaseCell.swift */ = {isa = PBXFileReference; lastKnownFileType = sourcecode.swift; path = BaseCell.swift; sourceTree = "<group>"; };
		3305F7662754E0D900E6E08E /* GenericResponse.swift */ = {isa = PBXFileReference; lastKnownFileType = sourcecode.swift; path = GenericResponse.swift; sourceTree = "<group>"; };
		3305F7682754E0EA00E6E08E /* APIConstants.swift */ = {isa = PBXFileReference; lastKnownFileType = sourcecode.swift; path = APIConstants.swift; sourceTree = "<group>"; };
		3305F76A2754E10300E6E08E /* NetworkResult.swift */ = {isa = PBXFileReference; lastKnownFileType = sourcecode.swift; path = NetworkResult.swift; sourceTree = "<group>"; };
		3305F77C2754E20800E6E08E /* UserDefaults+.swift */ = {isa = PBXFileReference; lastKnownFileType = sourcecode.swift; path = "UserDefaults+.swift"; sourceTree = "<group>"; };
		3305F77E2754E22800E6E08E /* UITextField+.swift */ = {isa = PBXFileReference; lastKnownFileType = sourcecode.swift; path = "UITextField+.swift"; sourceTree = "<group>"; };
		3305F7802754E23F00E6E08E /* UIButton+.swift */ = {isa = PBXFileReference; lastKnownFileType = sourcecode.swift; path = "UIButton+.swift"; sourceTree = "<group>"; };
		3305F7822754E26400E6E08E /* StoryboardRepresentation.swift */ = {isa = PBXFileReference; lastKnownFileType = sourcecode.swift; path = StoryboardRepresentation.swift; sourceTree = "<group>"; };
		3305F7842754E27300E6E08E /* TypeOfViewController.swift */ = {isa = PBXFileReference; lastKnownFileType = sourcecode.swift; path = TypeOfViewController.swift; sourceTree = "<group>"; };
		3305F7862754E28B00E6E08E /* ViewControllerFactory.swift */ = {isa = PBXFileReference; lastKnownFileType = sourcecode.swift; path = ViewControllerFactory.swift; sourceTree = "<group>"; };
		3305F7892754E2FE00E6E08E /* TabBar.storyboard */ = {isa = PBXFileReference; lastKnownFileType = file.storyboard; path = TabBar.storyboard; sourceTree = "<group>"; };
		3305F78B2754E31000E6E08E /* ARtiqueTBC.swift */ = {isa = PBXFileReference; lastKnownFileType = sourcecode.swift; path = ARtiqueTBC.swift; sourceTree = "<group>"; };
		3305F78D2754E34B00E6E08E /* Home.storyboard */ = {isa = PBXFileReference; lastKnownFileType = file.storyboard; path = Home.storyboard; sourceTree = "<group>"; };
		3305F7912754E35900E6E08E /* Mypage.storyboard */ = {isa = PBXFileReference; lastKnownFileType = file.storyboard; path = Mypage.storyboard; sourceTree = "<group>"; };
		3305F79F2754E3BA00E6E08E /* d.swift */ = {isa = PBXFileReference; lastKnownFileType = sourcecode.swift; path = d.swift; sourceTree = "<group>"; };
		3305F7A52754E44B00E6E08E /* MypageVC.swift */ = {isa = PBXFileReference; lastKnownFileType = sourcecode.swift; path = MypageVC.swift; sourceTree = "<group>"; };
		3305F7A72754E45800E6E08E /* HomeVC.swift */ = {isa = PBXFileReference; lastKnownFileType = sourcecode.swift; path = HomeVC.swift; sourceTree = "<group>"; };
		3305F7A92754E61F00E6E08E /* Info.plist */ = {isa = PBXFileReference; lastKnownFileType = text.plist.xml; path = Info.plist; sourceTree = "<group>"; };
		334E737027FB66B5001BAF25 /* LoginVC.swift */ = {isa = PBXFileReference; lastKnownFileType = sourcecode.swift; path = LoginVC.swift; sourceTree = "<group>"; };
		3350596D27E5CC8C0088B708 /* GalleryType.swift */ = {isa = PBXFileReference; lastKnownFileType = sourcecode.swift; path = GalleryType.swift; sourceTree = "<group>"; };
		33AC27872763D21D00E0765A /* ARGallery.storyboard */ = {isa = PBXFileReference; lastKnownFileType = file.storyboard; path = ARGallery.storyboard; sourceTree = "<group>"; };
		33AC27892763D27200E0765A /* ARGalleryVC.swift */ = {isa = PBXFileReference; lastKnownFileType = sourcecode.swift; path = ARGalleryVC.swift; sourceTree = "<group>"; };
		37CFDCAEA722930B36D25BC6 /* Pods-ARtique.release.xcconfig */ = {isa = PBXFileReference; includeInIndex = 1; lastKnownFileType = text.xcconfig; name = "Pods-ARtique.release.xcconfig"; path = "Target Support Files/Pods-ARtique/Pods-ARtique.release.xcconfig"; sourceTree = "<group>"; };
		A843F494799486A98E775C16 /* Pods-ARtique.debug.xcconfig */ = {isa = PBXFileReference; includeInIndex = 1; lastKnownFileType = text.xcconfig; name = "Pods-ARtique.debug.xcconfig"; path = "Target Support Files/Pods-ARtique/Pods-ARtique.debug.xcconfig"; sourceTree = "<group>"; };
		FDA3E5AB13FCA77BEB6A01BC /* Pods_ARtique.framework */ = {isa = PBXFileReference; explicitFileType = wrapper.framework; includeInIndex = 0; path = Pods_ARtique.framework; sourceTree = BUILT_PRODUCTS_DIR; };
/* End PBXFileReference section */

/* Begin PBXFrameworksBuildPhase section */
		3305F72A2754DABA00E6E08E /* Frameworks */ = {
			isa = PBXFrameworksBuildPhase;
			buildActionMask = 2147483647;
			files = (
				91832D0B8CCD458B4D6477F3 /* Pods_ARtique.framework in Frameworks */,
			);
			runOnlyForDeploymentPostprocessing = 0;
		};
/* End PBXFrameworksBuildPhase section */

/* Begin PBXGroup section */
		235583FD2767A6C70046C3EE /* FocusSquare */ = {
			isa = PBXGroup;
			children = (
				235583FE2767A6D80046C3EE /* FocusSquare.swift */,
				235584002767A7100046C3EE /* FocusSquareSegment.swift */,
			);
			path = FocusSquare;
			sourceTree = "<group>";
		};
		235584022767A74D0046C3EE /* Utilities */ = {
			isa = PBXGroup;
			children = (
				235584032767A75F0046C3EE /* Utilities.swift */,
			);
			path = Utilities;
			sourceTree = "<group>";
		};
		23B52A8527E0E87000D6C339 /* Enum */ = {
			isa = PBXGroup;
			children = (
				23FE54D627EB086400FF0DF9 /* GalleryType.swift */,
				23B52A8627E0E89200D6C339 /* AddProcess.swift */,
				23071DB627ECF5A100949BA1 /* CategoryType.swift */,
				23BB926F27F0EB9100D91354 /* TagType.swift */,
			);
			path = Enum;
			sourceTree = "<group>";
		};
		23B52A8827E0FEAD00D6C339 /* Xib */ = {
			isa = PBXGroup;
			children = (
				23B52A8A27E0FED600D6C339 /* ThemeView.xib */,
				239C5D4B27F224A300D8A3D2 /* ArtworkSelectView.xib */,
				23E734ED27E99CC8000315E6 /* OrderView.xib */,
				23E734F927E9A1A7000315E6 /* ArtworkListView.xib */,
				23E734FD27EA1528000315E6 /* PostExplainView.xib */,
				23071DB927ECFBAB00949BA1 /* ExhibitionExplainView.xib */,
			);
			path = Xib;
			sourceTree = "<group>";
		};
		23C9AD632801C85B00DFF5A2 /* Shared */ = {
			isa = PBXGroup;
			children = (
				23C9AD642801C8BB00DFF5A2 /* ExhibitionCVC.swift */,
				23C9AD652801C8BB00DFF5A2 /* ExhibitionCVC.xib */,
			);
			path = Shared;
			sourceTree = "<group>";
		};
		23E734EB27E99C99000315E6 /* XibController */ = {
			isa = PBXGroup;
			children = (
				23B52A8927E0FED600D6C339 /* ThemeView.swift */,
				239C5D4A27F224A300D8A3D2 /* ArtworkSelectView.swift */,
				23E734EC27E99CC8000315E6 /* OrderView.swift */,
				23E734F827E9A1A7000315E6 /* ArtworkListView.swift */,
				23E734FC27EA1528000315E6 /* PostExplainView.swift */,
				23071DB827ECFBAB00949BA1 /* ExhibitionExplainView.swift */,
			);
			path = XibController;
			sourceTree = "<group>";
		};
		23FE54D527EB085000FF0DF9 /* Recovered References */ = {
			isa = PBXGroup;
			children = (
				3350596D27E5CC8C0088B708 /* GalleryType.swift */,
			);
			name = "Recovered References";
			sourceTree = "<group>";
		};
		3305F7242754DABA00E6E08E = {
			isa = PBXGroup;
			children = (
				3305F72F2754DABA00E6E08E /* ARtique */,
				3305F72E2754DABA00E6E08E /* Products */,
				7A35089A12BAD0DF8F7E9474 /* Pods */,
				459E7367F01CEEF2834D37EA /* Frameworks */,
				23FE54D527EB085000FF0DF9 /* Recovered References */,
			);
			sourceTree = "<group>";
		};
		3305F72E2754DABA00E6E08E /* Products */ = {
			isa = PBXGroup;
			children = (
				3305F72D2754DABA00E6E08E /* ARtique.app */,
			);
			name = Products;
			sourceTree = "<group>";
		};
		3305F72F2754DABA00E6E08E /* ARtique */ = {
			isa = PBXGroup;
			children = (
				3305F7452754DB4E00E6E08E /* Global */,
				3305F7462754DB5600E6E08E /* Networtk */,
				3305F7432754DB4000E6E08E /* Screen */,
				3305F7322754DABA00E6E08E /* art.scnassets */,
				3305F7442754DB4A00E6E08E /* Support */,
			);
			path = ARtique;
			sourceTree = "<group>";
		};
		3305F7432754DB4000E6E08E /* Screen */ = {
			isa = PBXGroup;
			children = (
				334E736E27FB6675001BAF25 /* Login */,
				23C9AD632801C85B00DFF5A2 /* Shared */,
				33AC27842763D1CD00E0765A /* ARGallery */,
				3305F76C2754E13400E6E08E /* TabBar */,
				3305F76D2754E13800E6E08E /* Home */,
				3305F76F2754E14500E6E08E /* Add */,
				3305F7702754E14A00E6E08E /* Mypage */,
			);
			path = Screen;
			sourceTree = "<group>";
		};
		3305F7442754DB4A00E6E08E /* Support */ = {
			isa = PBXGroup;
			children = (
				3305F7A92754E61F00E6E08E /* Info.plist */,
				3305F7302754DABA00E6E08E /* AppDelegate.swift */,
				3305F7392754DABD00E6E08E /* Assets.xcassets */,
			);
			path = Support;
			sourceTree = "<group>";
		};
		3305F7452754DB4E00E6E08E /* Global */ = {
			isa = PBXGroup;
			children = (
				3305F77B2754E1E300E6E08E /* Factory */,
				3305F74B2754DF0900E6E08E /* Class */,
				3305F74C2754DF0E00E6E08E /* Struct */,
				23B52A8527E0E87000D6C339 /* Enum */,
				3305F74D2754DF1300E6E08E /* View */,
				3305F74E2754DF1800E6E08E /* Extension */,
				3305F74F2754DF1E00E6E08E /* Font */,
				3305F73B2754DABD00E6E08E /* LaunchScreen.storyboard */,
			);
			path = Global;
			sourceTree = "<group>";
		};
		3305F7462754DB5600E6E08E /* Networtk */ = {
			isa = PBXGroup;
			children = (
				3305F7642754E0B700E6E08E /* APIModels */,
				3305F7652754E0BE00E6E08E /* APIServices */,
			);
			path = Networtk;
			sourceTree = "<group>";
		};
		3305F74B2754DF0900E6E08E /* Class */ = {
			isa = PBXGroup;
			children = (
				3305F7622754E07B00E6E08E /* BaseCell.swift */,
				23E1A35027EF124D009C337F /* NewExhibition.swift */,
			);
			path = Class;
			sourceTree = "<group>";
		};
		3305F74C2754DF0E00E6E08E /* Struct */ = {
			isa = PBXGroup;
			children = (
				3305F7602754E03600E6E08E /* Identifiers.swift */,
				23B2E5D727591A9100FA8CC2 /* ExhibitionData.swift */,
			);
			path = Struct;
			sourceTree = "<group>";
		};
		3305F74D2754DF1300E6E08E /* View */ = {
			isa = PBXGroup;
			children = (
				3305F75E2754E02A00E6E08E /* View.swift */,
			);
			path = View;
			sourceTree = "<group>";
		};
		3305F74E2754DF1800E6E08E /* Extension */ = {
			isa = PBXGroup;
			children = (
				3305F7502754DF3E00E6E08E /* UIColor+Additions.swift */,
				3305F7522754DF4C00E6E08E /* UIFont+.swift */,
				3305F7542754DF5B00E6E08E /* UILabel+.swift */,
				3305F7562754DF6500E6E08E /* Notification+Name.swift */,
				3305F7582754DFD700E6E08E /* UIView+.swift */,
				3305F77C2754E20800E6E08E /* UserDefaults+.swift */,
				3305F77E2754E22800E6E08E /* UITextField+.swift */,
				23E7350427EA24A1000315E6 /* UITextView+.swift */,
				3305F7802754E23F00E6E08E /* UIButton+.swift */,
				23B52A7E27E0A73800D6C339 /* UIViewController+.swift */,
				23B52A8027E0A7B900D6C339 /* UINavigationController+.swift */,
				23E7350627EA4D1B000315E6 /* UIScrollView+.swift */,
				239C5D4E27F2327900D8A3D2 /* PHFetchOptions+.swift */,
			);
			path = Extension;
			sourceTree = "<group>";
		};
		3305F74F2754DF1E00E6E08E /* Font */ = {
			isa = PBXGroup;
			children = (
				23A852C62806B1A600406A3C /* AppleSDGothicNeoL.ttf */,
				3305F75D2754E00500E6E08E /* AppleSDGothicNeoB.ttf */,
				3305F75C2754E00500E6E08E /* AppleSDGothicNeoM.ttf */,
				3305F75A2754E00500E6E08E /* AppleSDGothicNeoR.ttf */,
				3305F75B2754E00500E6E08E /* AppleSDGothicNeoSB.ttf */,
			);
			path = Font;
			sourceTree = "<group>";
		};
		3305F7642754E0B700E6E08E /* APIModels */ = {
			isa = PBXGroup;
			children = (
				3305F7662754E0D900E6E08E /* GenericResponse.swift */,
			);
			path = APIModels;
			sourceTree = "<group>";
		};
		3305F7652754E0BE00E6E08E /* APIServices */ = {
			isa = PBXGroup;
			children = (
				3305F7682754E0EA00E6E08E /* APIConstants.swift */,
				3305F76A2754E10300E6E08E /* NetworkResult.swift */,
			);
			path = APIServices;
			sourceTree = "<group>";
		};
		3305F76C2754E13400E6E08E /* TabBar */ = {
			isa = PBXGroup;
			children = (
				3305F7882754E2EF00E6E08E /* Storyboard */,
				3305F7712754E16000E6E08E /* Controller */,
			);
			path = TabBar;
			sourceTree = "<group>";
		};
		3305F76D2754E13800E6E08E /* Home */ = {
			isa = PBXGroup;
			children = (
				3305F7742754E19600E6E08E /* Storyboard */,
				3305F7732754E18E00E6E08E /* Controller */,
				3305F7722754E18300E6E08E /* Cell */,
			);
			path = Home;
			sourceTree = "<group>";
		};
		3305F76F2754E14500E6E08E /* Add */ = {
			isa = PBXGroup;
			children = (
				23B52A8827E0FEAD00D6C339 /* Xib */,
				23E734EB27E99C99000315E6 /* XibController */,
				3305F7772754E1A600E6E08E /* Storyboard */,
				3305F7762754E1A000E6E08E /* Controller */,
				3305F7752754E19C00E6E08E /* Cell */,
			);
			path = Add;
			sourceTree = "<group>";
		};
		3305F7702754E14A00E6E08E /* Mypage */ = {
			isa = PBXGroup;
			children = (
				3305F77A2754E1B400E6E08E /* Storyboard */,
				3305F7792754E1AF00E6E08E /* Controller */,
				3305F7782754E1AB00E6E08E /* Cell */,
			);
			path = Mypage;
			sourceTree = "<group>";
		};
		3305F7712754E16000E6E08E /* Controller */ = {
			isa = PBXGroup;
			children = (
				3305F78B2754E31000E6E08E /* ARtiqueTBC.swift */,
			);
			path = Controller;
			sourceTree = "<group>";
		};
		3305F7722754E18300E6E08E /* Cell */ = {
			isa = PBXGroup;
			children = (
				3305F7942754E37D00E6E08E /* CVC */,
				3305F7932754E37800E6E08E /* TVC */,
			);
			path = Cell;
			sourceTree = "<group>";
		};
		3305F7732754E18E00E6E08E /* Controller */ = {
			isa = PBXGroup;
			children = (
				238C65752756606100EADA93 /* HomeNC.swift */,
				3305F7A72754E45800E6E08E /* HomeVC.swift */,
				2395FBA327563AA500D3DB77 /* DetailVC.swift */,
				23B2E5D52758F9D700FA8CC2 /* ExhibitionListVC.swift */,
				2383787A280AFB9B002088E6 /* SearchVC.swift */,
				23144218280C4053007DB53C /* SearchResultVC.swift */,
			);
			path = Controller;
			sourceTree = "<group>";
		};
		3305F7742754E19600E6E08E /* Storyboard */ = {
			isa = PBXGroup;
			children = (
				3305F78D2754E34B00E6E08E /* Home.storyboard */,
				2395FBA127563A9700D3DB77 /* Detail.storyboard */,
				23B2E5D32758F7F300FA8CC2 /* ExhibitionList.storyboard */,
				2383787C280AFBBC002088E6 /* Search.storyboard */,
				23144216280C4040007DB53C /* SearchResult.storyboard */,
			);
			path = Storyboard;
			sourceTree = "<group>";
		};
		3305F7752754E19C00E6E08E /* Cell */ = {
			isa = PBXGroup;
			children = (
				3305F7962754E38900E6E08E /* CVC */,
				3305F7952754E38400E6E08E /* TVC */,
			);
			path = Cell;
			sourceTree = "<group>";
		};
		3305F7762754E1A000E6E08E /* Controller */ = {
			isa = PBXGroup;
			children = (
				23B52A7A27E0A56900D6C339 /* AddExhibitionVC.swift */,
				23B52A7C27E0A5A500D6C339 /* AddExhibitionNC.swift */,
				235650D327F9FB6F0082E048 /* AlbumListTVC.swift */,
			);
			path = Controller;
			sourceTree = "<group>";
		};
		3305F7772754E1A600E6E08E /* Storyboard */ = {
			isa = PBXGroup;
			children = (
				23B52A7827E0A54D00D6C339 /* AddExhibition.storyboard */,
				235650DD27FA031F0082E048 /* AlbumListTVC.storyboard */,
			);
			path = Storyboard;
			sourceTree = "<group>";
		};
		3305F7782754E1AB00E6E08E /* Cell */ = {
			isa = PBXGroup;
			children = (
				3305F7972754E39500E6E08E /* TVC */,
			);
			path = Cell;
			sourceTree = "<group>";
		};
		3305F7792754E1AF00E6E08E /* Controller */ = {
			isa = PBXGroup;
			children = (
				3305F7A52754E44B00E6E08E /* MypageVC.swift */,
				23C9AD6128019FDA00DFF5A2 /* MypageNC.swift */,
				230883822804163100620BC1 /* ProfileEditVC.swift */,
			);
			path = Controller;
			sourceTree = "<group>";
		};
		3305F77A2754E1B400E6E08E /* Storyboard */ = {
			isa = PBXGroup;
			children = (
				3305F7912754E35900E6E08E /* Mypage.storyboard */,
				230883802804162200620BC1 /* ProfileEdit.storyboard */,
			);
			path = Storyboard;
			sourceTree = "<group>";
		};
		3305F77B2754E1E300E6E08E /* Factory */ = {
			isa = PBXGroup;
			children = (
				3305F7822754E26400E6E08E /* StoryboardRepresentation.swift */,
				3305F7842754E27300E6E08E /* TypeOfViewController.swift */,
				3305F7862754E28B00E6E08E /* ViewControllerFactory.swift */,
			);
			path = Factory;
			sourceTree = "<group>";
		};
		3305F7882754E2EF00E6E08E /* Storyboard */ = {
			isa = PBXGroup;
			children = (
				3305F7892754E2FE00E6E08E /* TabBar.storyboard */,
			);
			path = Storyboard;
			sourceTree = "<group>";
		};
		3305F7932754E37800E6E08E /* TVC */ = {
			isa = PBXGroup;
			children = (
				237B4368275CDDD600B7FA3F /* ExhibitionListTVC.swift */,
				237B436A275CE83600B7FA3F /* AllTVC.swift */,
			);
			path = TVC;
			sourceTree = "<group>";
		};
		3305F7942754E37D00E6E08E /* CVC */ = {
			isa = PBXGroup;
			children = (
				237B436D275CEE1E00B7FA3F /* ExhibitionListCVC.swift */,
				237B436F275CFA3E00B7FA3F /* AllCVC.swift */,
				2383787E280B06A2002088E6 /* LatestSearchedCVC.swift */,
				23837880280B0C28002088E6 /* RecommendCVC.swift */,
			);
			path = CVC;
			sourceTree = "<group>";
		};
		3305F7952754E38400E6E08E /* TVC */ = {
			isa = PBXGroup;
			children = (
				3305F79F2754E3BA00E6E08E /* d.swift */,
			);
			path = TVC;
			sourceTree = "<group>";
		};
		3305F7962754E38900E6E08E /* CVC */ = {
			isa = PBXGroup;
			children = (
				23B52A8D27E1013E00D6C339 /* RoundCVC.swift */,
				23B52A8E27E1013E00D6C339 /* RoundCVC.xib */,
				23B52A9127E1131C00D6C339 /* ThemeCVC.swift */,
				23B52A9227E1131C00D6C339 /* ThemeCVC.xib */,
				23E734F427E9A016000315E6 /* SelectedImageCVC.swift */,
				23E734F527E9A016000315E6 /* SelectedImageCVC.xib */,
				23071DB227ECB47600949BA1 /* ArtworkExplainCVC.swift */,
				23071DB327ECB47600949BA1 /* ArtworkExplainCVC.xib */,
				235650D727F9FC870082E048 /* AlbumTVC.swift */,
				235650D827F9FC870082E048 /* AlbumTVC.xib */,
			);
			path = CVC;
			sourceTree = "<group>";
		};
		3305F7972754E39500E6E08E /* TVC */ = {
			isa = PBXGroup;
			children = (
				23C9AD682801CB2100DFF5A2 /* MypageClassificationTVC.swift */,
				23C9AD6A2801CC8500DFF5A2 /* MyExhibitionTVC.swift */,
			);
			path = TVC;
			sourceTree = "<group>";
		};
		334E736E27FB6675001BAF25 /* Login */ = {
			isa = PBXGroup;
			children = (
				334E736F27FB668B001BAF25 /* Controller */,
			);
			path = Login;
			sourceTree = "<group>";
		};
		334E736F27FB668B001BAF25 /* Controller */ = {
			isa = PBXGroup;
			children = (
				334E737027FB66B5001BAF25 /* LoginVC.swift */,
			);
			path = Controller;
			sourceTree = "<group>";
		};
		33AC27842763D1CD00E0765A /* ARGallery */ = {
			isa = PBXGroup;
			children = (
				33AC27852763D20900E0765A /* Storyboard */,
				33AC27862763D20E00E0765A /* Controller */,
			);
			path = ARGallery;
			sourceTree = "<group>";
		};
		33AC27852763D20900E0765A /* Storyboard */ = {
			isa = PBXGroup;
			children = (
				33AC27872763D21D00E0765A /* ARGallery.storyboard */,
			);
			path = Storyboard;
			sourceTree = "<group>";
		};
		33AC27862763D20E00E0765A /* Controller */ = {
			isa = PBXGroup;
			children = (
				235584022767A74D0046C3EE /* Utilities */,
				235583FD2767A6C70046C3EE /* FocusSquare */,
				231EF8502763DCF4008218CC /* PlaneVC.swift */,
				33AC27892763D27200E0765A /* ARGalleryVC.swift */,
			);
			path = Controller;
			sourceTree = "<group>";
		};
		459E7367F01CEEF2834D37EA /* Frameworks */ = {
			isa = PBXGroup;
			children = (
				FDA3E5AB13FCA77BEB6A01BC /* Pods_ARtique.framework */,
			);
			name = Frameworks;
			sourceTree = "<group>";
		};
		7A35089A12BAD0DF8F7E9474 /* Pods */ = {
			isa = PBXGroup;
			children = (
				A843F494799486A98E775C16 /* Pods-ARtique.debug.xcconfig */,
				37CFDCAEA722930B36D25BC6 /* Pods-ARtique.release.xcconfig */,
			);
			path = Pods;
			sourceTree = "<group>";
		};
/* End PBXGroup section */

/* Begin PBXNativeTarget section */
		3305F72C2754DABA00E6E08E /* ARtique */ = {
			isa = PBXNativeTarget;
			buildConfigurationList = 3305F7402754DABD00E6E08E /* Build configuration list for PBXNativeTarget "ARtique" */;
			buildPhases = (
				41E0D07416C8DB75B3B06EC1 /* [CP] Check Pods Manifest.lock */,
				3305F7292754DABA00E6E08E /* Sources */,
				3305F72A2754DABA00E6E08E /* Frameworks */,
				3305F72B2754DABA00E6E08E /* Resources */,
				CEDB1694BFAAF738CD7A64D5 /* [CP] Embed Pods Frameworks */,
			);
			buildRules = (
			);
			dependencies = (
			);
			name = ARtique;
			productName = ARtique;
			productReference = 3305F72D2754DABA00E6E08E /* ARtique.app */;
			productType = "com.apple.product-type.application";
		};
/* End PBXNativeTarget section */

/* Begin PBXProject section */
		3305F7252754DABA00E6E08E /* Project object */ = {
			isa = PBXProject;
			attributes = {
				BuildIndependentTargetsInParallel = 1;
				LastSwiftUpdateCheck = 1310;
				LastUpgradeCheck = 1310;
				TargetAttributes = {
					3305F72C2754DABA00E6E08E = {
						CreatedOnToolsVersion = 13.1;
					};
				};
			};
			buildConfigurationList = 3305F7282754DABA00E6E08E /* Build configuration list for PBXProject "ARtique" */;
			compatibilityVersion = "Xcode 13.0";
			developmentRegion = en;
			hasScannedForEncodings = 0;
			knownRegions = (
				en,
				Base,
				ko,
			);
			mainGroup = 3305F7242754DABA00E6E08E;
			productRefGroup = 3305F72E2754DABA00E6E08E /* Products */;
			projectDirPath = "";
			projectRoot = "";
			targets = (
				3305F72C2754DABA00E6E08E /* ARtique */,
			);
		};
/* End PBXProject section */

/* Begin PBXResourcesBuildPhase section */
		3305F72B2754DABA00E6E08E /* Resources */ = {
			isa = PBXResourcesBuildPhase;
			buildActionMask = 2147483647;
			files = (
				3305F78E2754E34B00E6E08E /* Home.storyboard in Resources */,
				23B52A9427E1131C00D6C339 /* ThemeCVC.xib in Resources */,
				23B52A9027E1013E00D6C339 /* RoundCVC.xib in Resources */,
				3305F7332754DABA00E6E08E /* art.scnassets in Resources */,
				23B2E5D42758F7F300FA8CC2 /* ExhibitionList.storyboard in Resources */,
				3305F73D2754DABD00E6E08E /* LaunchScreen.storyboard in Resources */,
				3305F7922754E35900E6E08E /* Mypage.storyboard in Resources */,
				23C9AD672801C8BB00DFF5A2 /* ExhibitionCVC.xib in Resources */,
				23071DB527ECB47600949BA1 /* ArtworkExplainCVC.xib in Resources */,
				23071DBB27ECFBAB00949BA1 /* ExhibitionExplainView.xib in Resources */,
				23E734FF27EA1528000315E6 /* PostExplainView.xib in Resources */,
				23E734EF27E99CC8000315E6 /* OrderView.xib in Resources */,
				230883812804162200620BC1 /* ProfileEdit.storyboard in Resources */,
				235650DA27F9FC870082E048 /* AlbumTVC.xib in Resources */,
				23144217280C4040007DB53C /* SearchResult.storyboard in Resources */,
				23E734F727E9A016000315E6 /* SelectedImageCVC.xib in Resources */,
				23E734FB27E9A1A7000315E6 /* ArtworkListView.xib in Resources */,
				3305F7AC2754E66700E6E08E /* AppleSDGothicNeoR.ttf in Resources */,
				23B52A8C27E0FED600D6C339 /* ThemeView.xib in Resources */,
				33AC27882763D21D00E0765A /* ARGallery.storyboard in Resources */,
				3305F73A2754DABD00E6E08E /* Assets.xcassets in Resources */,
				3305F7AB2754E66500E6E08E /* AppleSDGothicNeoB.ttf in Resources */,
				3305F78A2754E2FE00E6E08E /* TabBar.storyboard in Resources */,
				239C5D4D27F224A300D8A3D2 /* ArtworkSelectView.xib in Resources */,
				3305F7AD2754E66900E6E08E /* AppleSDGothicNeoSB.ttf in Resources */,
				3305F7AA2754E66200E6E08E /* AppleSDGothicNeoM.ttf in Resources */,
				23A852C72806B1A600406A3C /* AppleSDGothicNeoL.ttf in Resources */,
				2395FBA227563A9700D3DB77 /* Detail.storyboard in Resources */,
				2383787D280AFBBC002088E6 /* Search.storyboard in Resources */,
				235650DE27FA031F0082E048 /* AlbumListTVC.storyboard in Resources */,
				23B52A7927E0A54D00D6C339 /* AddExhibition.storyboard in Resources */,
			);
			runOnlyForDeploymentPostprocessing = 0;
		};
/* End PBXResourcesBuildPhase section */

/* Begin PBXShellScriptBuildPhase section */
		41E0D07416C8DB75B3B06EC1 /* [CP] Check Pods Manifest.lock */ = {
			isa = PBXShellScriptBuildPhase;
			buildActionMask = 2147483647;
			files = (
			);
			inputFileListPaths = (
			);
			inputPaths = (
				"${PODS_PODFILE_DIR_PATH}/Podfile.lock",
				"${PODS_ROOT}/Manifest.lock",
			);
			name = "[CP] Check Pods Manifest.lock";
			outputFileListPaths = (
			);
			outputPaths = (
				"$(DERIVED_FILE_DIR)/Pods-ARtique-checkManifestLockResult.txt",
			);
			runOnlyForDeploymentPostprocessing = 0;
			shellPath = /bin/sh;
			shellScript = "diff \"${PODS_PODFILE_DIR_PATH}/Podfile.lock\" \"${PODS_ROOT}/Manifest.lock\" > /dev/null\nif [ $? != 0 ] ; then\n    # print error to STDERR\n    echo \"error: The sandbox is not in sync with the Podfile.lock. Run 'pod install' or update your CocoaPods installation.\" >&2\n    exit 1\nfi\n# This output is used by Xcode 'outputs' to avoid re-running this script phase.\necho \"SUCCESS\" > \"${SCRIPT_OUTPUT_FILE_0}\"\n";
			showEnvVarsInLog = 0;
		};
		CEDB1694BFAAF738CD7A64D5 /* [CP] Embed Pods Frameworks */ = {
			isa = PBXShellScriptBuildPhase;
			buildActionMask = 2147483647;
			files = (
			);
			inputFileListPaths = (
				"${PODS_ROOT}/Target Support Files/Pods-ARtique/Pods-ARtique-frameworks-${CONFIGURATION}-input-files.xcfilelist",
			);
			name = "[CP] Embed Pods Frameworks";
			outputFileListPaths = (
				"${PODS_ROOT}/Target Support Files/Pods-ARtique/Pods-ARtique-frameworks-${CONFIGURATION}-output-files.xcfilelist",
			);
			runOnlyForDeploymentPostprocessing = 0;
			shellPath = /bin/sh;
			shellScript = "\"${PODS_ROOT}/Target Support Files/Pods-ARtique/Pods-ARtique-frameworks.sh\"\n";
			showEnvVarsInLog = 0;
		};
/* End PBXShellScriptBuildPhase section */

/* Begin PBXSourcesBuildPhase section */
		3305F7292754DABA00E6E08E /* Sources */ = {
			isa = PBXSourcesBuildPhase;
			buildActionMask = 2147483647;
			files = (
				23FE54D727EB086400FF0DF9 /* GalleryType.swift in Sources */,
				23B52A8F27E1013E00D6C339 /* RoundCVC.swift in Sources */,
				239C5D4F27F2327900D8A3D2 /* PHFetchOptions+.swift in Sources */,
				3305F7672754E0D900E6E08E /* GenericResponse.swift in Sources */,
				235584012767A7100046C3EE /* FocusSquareSegment.swift in Sources */,
				3305F7872754E28B00E6E08E /* ViewControllerFactory.swift in Sources */,
				23B52A7B27E0A56900D6C339 /* AddExhibitionVC.swift in Sources */,
				23E7350527EA24A1000315E6 /* UITextView+.swift in Sources */,
				23E734FA27E9A1A7000315E6 /* ArtworkListView.swift in Sources */,
				3305F7552754DF5B00E6E08E /* UILabel+.swift in Sources */,
				23071DB427ECB47600949BA1 /* ArtworkExplainCVC.swift in Sources */,
				23B52A7D27E0A5A500D6C339 /* AddExhibitionNC.swift in Sources */,
				2383787B280AFB9B002088E6 /* SearchVC.swift in Sources */,
				3305F7692754E0EA00E6E08E /* APIConstants.swift in Sources */,
				334E737127FB66B5001BAF25 /* LoginVC.swift in Sources */,
				3305F7812754E23F00E6E08E /* UIButton+.swift in Sources */,
				3305F7512754DF3E00E6E08E /* UIColor+Additions.swift in Sources */,
				23E734EE27E99CC8000315E6 /* OrderView.swift in Sources */,
				3305F7532754DF4C00E6E08E /* UIFont+.swift in Sources */,
				239C5D4C27F224A300D8A3D2 /* ArtworkSelectView.swift in Sources */,
				3305F7A62754E44B00E6E08E /* MypageVC.swift in Sources */,
				23B52A8B27E0FED600D6C339 /* ThemeView.swift in Sources */,
				3305F7592754DFD700E6E08E /* UIView+.swift in Sources */,
				3305F77D2754E20800E6E08E /* UserDefaults+.swift in Sources */,
				230883832804163100620BC1 /* ProfileEditVC.swift in Sources */,
				237B436E275CEE1E00B7FA3F /* ExhibitionListCVC.swift in Sources */,
				235650D927F9FC870082E048 /* AlbumTVC.swift in Sources */,
				23837881280B0C28002088E6 /* RecommendCVC.swift in Sources */,
				237B4369275CDDD600B7FA3F /* ExhibitionListTVC.swift in Sources */,
				3305F7A02754E3BA00E6E08E /* d.swift in Sources */,
				2383787F280B06A2002088E6 /* LatestSearchedCVC.swift in Sources */,
				3305F7832754E26400E6E08E /* StoryboardRepresentation.swift in Sources */,
				231EF8512763DCF4008218CC /* PlaneVC.swift in Sources */,
				3305F75F2754E02A00E6E08E /* View.swift in Sources */,
				23E1A35127EF124D009C337F /* NewExhibition.swift in Sources */,
				3305F78C2754E31000E6E08E /* ARtiqueTBC.swift in Sources */,
				23C9AD692801CB2100DFF5A2 /* MypageClassificationTVC.swift in Sources */,
				2395FBA427563AA500D3DB77 /* DetailVC.swift in Sources */,
				23E7350727EA4D1B000315E6 /* UIScrollView+.swift in Sources */,
				23E734F627E9A016000315E6 /* SelectedImageCVC.swift in Sources */,
				23B2E5D62758F9D700FA8CC2 /* ExhibitionListVC.swift in Sources */,
				3305F7572754DF6500E6E08E /* Notification+Name.swift in Sources */,
				237B4370275CFA3E00B7FA3F /* AllCVC.swift in Sources */,
				23E734FE27EA1528000315E6 /* PostExplainView.swift in Sources */,
				23071DB727ECF5A100949BA1 /* CategoryType.swift in Sources */,
				3305F7852754E27300E6E08E /* TypeOfViewController.swift in Sources */,
				23C9AD662801C8BB00DFF5A2 /* ExhibitionCVC.swift in Sources */,
				237B436B275CE83600B7FA3F /* AllTVC.swift in Sources */,
				235583FF2767A6D80046C3EE /* FocusSquare.swift in Sources */,
				235650D527F9FB6F0082E048 /* AlbumListTVC.swift in Sources */,
				3305F7632754E07B00E6E08E /* BaseCell.swift in Sources */,
				235584042767A75F0046C3EE /* Utilities.swift in Sources */,
				238C65762756606100EADA93 /* HomeNC.swift in Sources */,
				3305F7A82754E45800E6E08E /* HomeVC.swift in Sources */,
				23144219280C4053007DB53C /* SearchResultVC.swift in Sources */,
				23BB927027F0EB9100D91354 /* TagType.swift in Sources */,
				3305F7612754E03600E6E08E /* Identifiers.swift in Sources */,
				3305F7312754DABA00E6E08E /* AppDelegate.swift in Sources */,
				23B52A8727E0E89200D6C339 /* AddProcess.swift in Sources */,
				23B52A8127E0A7B900D6C339 /* UINavigationController+.swift in Sources */,
				33AC278A2763D27200E0765A /* ARGalleryVC.swift in Sources */,
				23C9AD6228019FDA00DFF5A2 /* MypageNC.swift in Sources */,
				23C9AD6B2801CC8500DFF5A2 /* MyExhibitionTVC.swift in Sources */,
				23B2E5D827591A9100FA8CC2 /* ExhibitionData.swift in Sources */,
				23071DBA27ECFBAB00949BA1 /* ExhibitionExplainView.swift in Sources */,
				3305F76B2754E10300E6E08E /* NetworkResult.swift in Sources */,
				23B52A7F27E0A73800D6C339 /* UIViewController+.swift in Sources */,
				3305F77F2754E22800E6E08E /* UITextField+.swift in Sources */,
				23B52A9327E1131C00D6C339 /* ThemeCVC.swift in Sources */,
			);
			runOnlyForDeploymentPostprocessing = 0;
		};
/* End PBXSourcesBuildPhase section */

/* Begin PBXVariantGroup section */
		3305F73B2754DABD00E6E08E /* LaunchScreen.storyboard */ = {
			isa = PBXVariantGroup;
			children = (
				3305F73C2754DABD00E6E08E /* Base */,
				235650E027FA195C0082E048 /* ko */,
			);
			name = LaunchScreen.storyboard;
			sourceTree = "<group>";
		};
/* End PBXVariantGroup section */

/* Begin XCBuildConfiguration section */
		3305F73E2754DABD00E6E08E /* Debug */ = {
			isa = XCBuildConfiguration;
			buildSettings = {
				ALWAYS_SEARCH_USER_PATHS = NO;
				CLANG_ANALYZER_LOCALIZABILITY_NONLOCALIZED = YES;
				CLANG_ANALYZER_NONNULL = YES;
				CLANG_ANALYZER_NUMBER_OBJECT_CONVERSION = YES_AGGRESSIVE;
				CLANG_CXX_LANGUAGE_STANDARD = "gnu++17";
				CLANG_CXX_LIBRARY = "libc++";
				CLANG_ENABLE_MODULES = YES;
				CLANG_ENABLE_OBJC_ARC = YES;
				CLANG_ENABLE_OBJC_WEAK = YES;
				CLANG_WARN_BLOCK_CAPTURE_AUTORELEASING = YES;
				CLANG_WARN_BOOL_CONVERSION = YES;
				CLANG_WARN_COMMA = YES;
				CLANG_WARN_CONSTANT_CONVERSION = YES;
				CLANG_WARN_DEPRECATED_OBJC_IMPLEMENTATIONS = YES;
				CLANG_WARN_DIRECT_OBJC_ISA_USAGE = YES_ERROR;
				CLANG_WARN_DOCUMENTATION_COMMENTS = YES;
				CLANG_WARN_EMPTY_BODY = YES;
				CLANG_WARN_ENUM_CONVERSION = YES;
				CLANG_WARN_INFINITE_RECURSION = YES;
				CLANG_WARN_INT_CONVERSION = YES;
				CLANG_WARN_NON_LITERAL_NULL_CONVERSION = YES;
				CLANG_WARN_OBJC_IMPLICIT_RETAIN_SELF = YES;
				CLANG_WARN_OBJC_LITERAL_CONVERSION = YES;
				CLANG_WARN_OBJC_ROOT_CLASS = YES_ERROR;
				CLANG_WARN_QUOTED_INCLUDE_IN_FRAMEWORK_HEADER = YES;
				CLANG_WARN_RANGE_LOOP_ANALYSIS = YES;
				CLANG_WARN_STRICT_PROTOTYPES = YES;
				CLANG_WARN_SUSPICIOUS_MOVE = YES;
				CLANG_WARN_UNGUARDED_AVAILABILITY = YES_AGGRESSIVE;
				CLANG_WARN_UNREACHABLE_CODE = YES;
				CLANG_WARN__DUPLICATE_METHOD_MATCH = YES;
				COPY_PHASE_STRIP = NO;
				DEBUG_INFORMATION_FORMAT = dwarf;
				ENABLE_STRICT_OBJC_MSGSEND = YES;
				ENABLE_TESTABILITY = YES;
				GCC_C_LANGUAGE_STANDARD = gnu11;
				GCC_DYNAMIC_NO_PIC = NO;
				GCC_NO_COMMON_BLOCKS = YES;
				GCC_OPTIMIZATION_LEVEL = 0;
				GCC_PREPROCESSOR_DEFINITIONS = (
					"DEBUG=1",
					"$(inherited)",
				);
				GCC_WARN_64_TO_32_BIT_CONVERSION = YES;
				GCC_WARN_ABOUT_RETURN_TYPE = YES_ERROR;
				GCC_WARN_UNDECLARED_SELECTOR = YES;
				GCC_WARN_UNINITIALIZED_AUTOS = YES_AGGRESSIVE;
				GCC_WARN_UNUSED_FUNCTION = YES;
				GCC_WARN_UNUSED_VARIABLE = YES;
				IPHONEOS_DEPLOYMENT_TARGET = 15.0;
				MTL_ENABLE_DEBUG_INFO = INCLUDE_SOURCE;
				MTL_FAST_MATH = YES;
				ONLY_ACTIVE_ARCH = YES;
				SDKROOT = iphoneos;
				SWIFT_ACTIVE_COMPILATION_CONDITIONS = DEBUG;
				SWIFT_OPTIMIZATION_LEVEL = "-Onone";
			};
			name = Debug;
		};
		3305F73F2754DABD00E6E08E /* Release */ = {
			isa = XCBuildConfiguration;
			buildSettings = {
				ALWAYS_SEARCH_USER_PATHS = NO;
				CLANG_ANALYZER_LOCALIZABILITY_NONLOCALIZED = YES;
				CLANG_ANALYZER_NONNULL = YES;
				CLANG_ANALYZER_NUMBER_OBJECT_CONVERSION = YES_AGGRESSIVE;
				CLANG_CXX_LANGUAGE_STANDARD = "gnu++17";
				CLANG_CXX_LIBRARY = "libc++";
				CLANG_ENABLE_MODULES = YES;
				CLANG_ENABLE_OBJC_ARC = YES;
				CLANG_ENABLE_OBJC_WEAK = YES;
				CLANG_WARN_BLOCK_CAPTURE_AUTORELEASING = YES;
				CLANG_WARN_BOOL_CONVERSION = YES;
				CLANG_WARN_COMMA = YES;
				CLANG_WARN_CONSTANT_CONVERSION = YES;
				CLANG_WARN_DEPRECATED_OBJC_IMPLEMENTATIONS = YES;
				CLANG_WARN_DIRECT_OBJC_ISA_USAGE = YES_ERROR;
				CLANG_WARN_DOCUMENTATION_COMMENTS = YES;
				CLANG_WARN_EMPTY_BODY = YES;
				CLANG_WARN_ENUM_CONVERSION = YES;
				CLANG_WARN_INFINITE_RECURSION = YES;
				CLANG_WARN_INT_CONVERSION = YES;
				CLANG_WARN_NON_LITERAL_NULL_CONVERSION = YES;
				CLANG_WARN_OBJC_IMPLICIT_RETAIN_SELF = YES;
				CLANG_WARN_OBJC_LITERAL_CONVERSION = YES;
				CLANG_WARN_OBJC_ROOT_CLASS = YES_ERROR;
				CLANG_WARN_QUOTED_INCLUDE_IN_FRAMEWORK_HEADER = YES;
				CLANG_WARN_RANGE_LOOP_ANALYSIS = YES;
				CLANG_WARN_STRICT_PROTOTYPES = YES;
				CLANG_WARN_SUSPICIOUS_MOVE = YES;
				CLANG_WARN_UNGUARDED_AVAILABILITY = YES_AGGRESSIVE;
				CLANG_WARN_UNREACHABLE_CODE = YES;
				CLANG_WARN__DUPLICATE_METHOD_MATCH = YES;
				COPY_PHASE_STRIP = NO;
				DEBUG_INFORMATION_FORMAT = "dwarf-with-dsym";
				ENABLE_NS_ASSERTIONS = NO;
				ENABLE_STRICT_OBJC_MSGSEND = YES;
				GCC_C_LANGUAGE_STANDARD = gnu11;
				GCC_NO_COMMON_BLOCKS = YES;
				GCC_WARN_64_TO_32_BIT_CONVERSION = YES;
				GCC_WARN_ABOUT_RETURN_TYPE = YES_ERROR;
				GCC_WARN_UNDECLARED_SELECTOR = YES;
				GCC_WARN_UNINITIALIZED_AUTOS = YES_AGGRESSIVE;
				GCC_WARN_UNUSED_FUNCTION = YES;
				GCC_WARN_UNUSED_VARIABLE = YES;
				IPHONEOS_DEPLOYMENT_TARGET = 15.0;
				MTL_ENABLE_DEBUG_INFO = NO;
				MTL_FAST_MATH = YES;
				SDKROOT = iphoneos;
				SWIFT_COMPILATION_MODE = wholemodule;
				SWIFT_OPTIMIZATION_LEVEL = "-O";
				VALIDATE_PRODUCT = YES;
			};
			name = Release;
		};
		3305F7412754DABD00E6E08E /* Debug */ = {
			isa = XCBuildConfiguration;
			baseConfigurationReference = A843F494799486A98E775C16 /* Pods-ARtique.debug.xcconfig */;
			buildSettings = {
				ASSETCATALOG_COMPILER_APPICON_NAME = AppIcon;
				ASSETCATALOG_COMPILER_GLOBAL_ACCENT_COLOR_NAME = AccentColor;
				CODE_SIGN_IDENTITY = "Apple Development";
				CODE_SIGN_STYLE = Automatic;
				CURRENT_PROJECT_VERSION = 1;
				DEVELOPMENT_TEAM = 2ZS26WP93H;
				GENERATE_INFOPLIST_FILE = YES;
				INFOPLIST_FILE = ARtique/Support/Info.plist;
				INFOPLIST_KEY_NSCameraUsageDescription = "";
				INFOPLIST_KEY_NSPhotoLibraryUsageDescription = "ARtique가 사용자의 갤러리에 접근하는 것을 허용합니다.";
				INFOPLIST_KEY_UIApplicationSupportsIndirectInputEvents = YES;
				INFOPLIST_KEY_UILaunchStoryboardName = LaunchScreen;
				INFOPLIST_KEY_UIMainStoryboardFile = TabBar;
				INFOPLIST_KEY_UIRequiredDeviceCapabilities = arkit;
				INFOPLIST_KEY_UIStatusBarHidden = YES;
				INFOPLIST_KEY_UISupportedInterfaceOrientations_iPad = "UIInterfaceOrientationPortrait UIInterfaceOrientationPortraitUpsideDown UIInterfaceOrientationLandscapeLeft UIInterfaceOrientationLandscapeRight";
				INFOPLIST_KEY_UISupportedInterfaceOrientations_iPhone = "UIInterfaceOrientationPortrait UIInterfaceOrientationLandscapeLeft UIInterfaceOrientationLandscapeRight";
				INFOPLIST_KEY_UIUserInterfaceStyle = Light;
				LD_RUNPATH_SEARCH_PATHS = (
					"$(inherited)",
					"@executable_path/Frameworks",
				);
				MARKETING_VERSION = 1.0;
				PRODUCT_BUNDLE_IDENTIFIER = com.boragureum.ARtique;
				PRODUCT_NAME = "$(TARGET_NAME)";
				PROVISIONING_PROFILE_SPECIFIER = "";
				SWIFT_EMIT_LOC_STRINGS = YES;
				SWIFT_VERSION = 5.0;
				TARGETED_DEVICE_FAMILY = 1;
			};
			name = Debug;
		};
		3305F7422754DABD00E6E08E /* Release */ = {
			isa = XCBuildConfiguration;
			baseConfigurationReference = 37CFDCAEA722930B36D25BC6 /* Pods-ARtique.release.xcconfig */;
			buildSettings = {
				ASSETCATALOG_COMPILER_APPICON_NAME = AppIcon;
				ASSETCATALOG_COMPILER_GLOBAL_ACCENT_COLOR_NAME = AccentColor;
				CODE_SIGN_IDENTITY = "Apple Development";
				CODE_SIGN_STYLE = Automatic;
				CURRENT_PROJECT_VERSION = 1;
				DEVELOPMENT_TEAM = 2ZS26WP93H;
				GENERATE_INFOPLIST_FILE = YES;
				INFOPLIST_FILE = ARtique/Support/Info.plist;
				INFOPLIST_KEY_NSCameraUsageDescription = "";
				INFOPLIST_KEY_NSPhotoLibraryUsageDescription = "ARtique가 사용자의 갤러리에 접근하는 것을 허용합니다.";
				INFOPLIST_KEY_UIApplicationSupportsIndirectInputEvents = YES;
				INFOPLIST_KEY_UILaunchStoryboardName = LaunchScreen;
				INFOPLIST_KEY_UIMainStoryboardFile = TabBar;
				INFOPLIST_KEY_UIRequiredDeviceCapabilities = arkit;
				INFOPLIST_KEY_UIStatusBarHidden = YES;
				INFOPLIST_KEY_UISupportedInterfaceOrientations_iPad = "UIInterfaceOrientationPortrait UIInterfaceOrientationPortraitUpsideDown UIInterfaceOrientationLandscapeLeft UIInterfaceOrientationLandscapeRight";
				INFOPLIST_KEY_UISupportedInterfaceOrientations_iPhone = "UIInterfaceOrientationPortrait UIInterfaceOrientationLandscapeLeft UIInterfaceOrientationLandscapeRight";
				INFOPLIST_KEY_UIUserInterfaceStyle = Light;
				LD_RUNPATH_SEARCH_PATHS = (
					"$(inherited)",
					"@executable_path/Frameworks",
				);
				MARKETING_VERSION = 1.0;
				PRODUCT_BUNDLE_IDENTIFIER = com.boragureum.ARtique;
				PRODUCT_NAME = "$(TARGET_NAME)";
				PROVISIONING_PROFILE_SPECIFIER = "";
				SWIFT_EMIT_LOC_STRINGS = YES;
				SWIFT_VERSION = 5.0;
				TARGETED_DEVICE_FAMILY = 1;
			};
			name = Release;
		};
/* End XCBuildConfiguration section */

/* Begin XCConfigurationList section */
		3305F7282754DABA00E6E08E /* Build configuration list for PBXProject "ARtique" */ = {
			isa = XCConfigurationList;
			buildConfigurations = (
				3305F73E2754DABD00E6E08E /* Debug */,
				3305F73F2754DABD00E6E08E /* Release */,
			);
			defaultConfigurationIsVisible = 0;
			defaultConfigurationName = Release;
		};
		3305F7402754DABD00E6E08E /* Build configuration list for PBXNativeTarget "ARtique" */ = {
			isa = XCConfigurationList;
			buildConfigurations = (
				3305F7412754DABD00E6E08E /* Debug */,
				3305F7422754DABD00E6E08E /* Release */,
			);
			defaultConfigurationIsVisible = 0;
			defaultConfigurationName = Release;
		};
/* End XCConfigurationList section */
	};
	rootObject = 3305F7252754DABA00E6E08E /* Project object */;
}
